[root]
name = "rbot"
version = "0.0.1"
dependencies = [
 "ctrlc 0.0.1 (git+https://github.com/Detegr/rust-ctrlc)",
 "nom 0.3.0 (registry+https://github.com/rust-lang/crates.io-index)",
]

[[package]]
name = "ctrlc"
version = "0.0.1"
source = "git+https://github.com/Detegr/rust-ctrlc#a3b225c90aa0556c0e7066636e48cb5e3072541f"

[[package]]
name = "nom"
version = "0.3.0"
source = "registry+https://github.com/rust-lang/crates.io-index"

