[root]
name = "rbot"
version = "0.0.1"
dependencies = [
 "bufstream 0.1.1 (registry+https://github.com/rust-lang/crates.io-index)",
 "ctrlc 0.1.1 (registry+https://github.com/rust-lang/crates.io-index)",
 "nom 0.3.0 (registry+https://github.com/rust-lang/crates.io-index)",
 "unix_socket 0.4.3 (registry+https://github.com/rust-lang/crates.io-index)",
]

[[package]]
name = "bufstream"
version = "0.1.1"
source = "registry+https://github.com/rust-lang/crates.io-index"

[[package]]
name = "ctrlc"
version = "0.1.1"
source = "registry+https://github.com/rust-lang/crates.io-index"
dependencies = [
 "lazy_static 0.1.12 (registry+https://github.com/rust-lang/crates.io-index)",
 "libc 0.1.7 (registry+https://github.com/rust-lang/crates.io-index)",
]

[[package]]
name = "debug-builders"
version = "0.1.0"
source = "registry+https://github.com/rust-lang/crates.io-index"

[[package]]
name = "lazy_static"
version = "0.1.12"
source = "registry+https://github.com/rust-lang/crates.io-index"

[[package]]
name = "libc"
version = "0.1.7"
source = "registry+https://github.com/rust-lang/crates.io-index"

[[package]]
name = "nom"
version = "0.3.0"
source = "registry+https://github.com/rust-lang/crates.io-index"

[[package]]
name = "unix_socket"
version = "0.4.3"
source = "registry+https://github.com/rust-lang/crates.io-index"
dependencies = [
 "debug-builders 0.1.0 (registry+https://github.com/rust-lang/crates.io-index)",
 "libc 0.1.7 (registry+https://github.com/rust-lang/crates.io-index)",
]

