[root]
name = "rbot"
version = "0.0.1"
dependencies = [
 "ctrlc 0.0.1 (git+https://github.com/Detegr/rust-ctrlc)",
 "nom 0.2.2 (registry+https://github.com/rust-lang/crates.io-index)",
]

[[package]]
name = "ctrlc"
version = "0.0.1"
source = "git+https://github.com/Detegr/rust-ctrlc#14ddc0a192291021b7854ee376f6b0815af6d6e8"

[[package]]
name = "nom"
version = "0.2.2"
source = "registry+https://github.com/rust-lang/crates.io-index"

